
Microsoft Visual Studio Solution File, Format Version 12.00
# Visual Studio 15
VisualStudioVersion = 15.0.28010.2050
MinimumVisualStudioVersion = 10.0.40219.1
Project("{FAE04EC0-301F-11D3-BF4B-00C04F79EFBC}") = "BlazorJwtAuthentication.Server", "BlazorJwtAuthentication.Server\BlazorJwtAuthentication.Server.csproj", "{1E87977D-EF04-4CA8-A987-9A0D0916C638}"
EndProject
Project("{FAE04EC0-301F-11D3-BF4B-00C04F79EFBC}") = "BlazorJwtAuthentication.Client", "BlazorJwtAuthentication.Client\BlazorJwtAuthentication.Client.csproj", "{EA4A35AD-60E0-4654-B39E-AAD86C06FC63}"
EndProject
Project("{FAE04EC0-301F-11D3-BF4B-00C04F79EFBC}") = "BlazorJwtAuthentication.Shared", "BlazorJwtAuthentication.Shared\BlazorJwtAuthentication.Shared.csproj", "{AAE0D363-5712-42B7-B0E6-E3BECE7C7338}"
EndProject
Global
	GlobalSection(SolutionConfigurationPlatforms) = preSolution
		Debug|Any CPU = Debug|Any CPU
		Release|Any CPU = Release|Any CPU
	EndGlobalSection
	GlobalSection(ProjectConfigurationPlatforms) = postSolution
		{1E87977D-EF04-4CA8-A987-9A0D0916C638}.Debug|Any CPU.ActiveCfg = Debug|Any CPU
		{1E87977D-EF04-4CA8-A987-9A0D0916C638}.Debug|Any CPU.Build.0 = Debug|Any CPU
		{1E87977D-EF04-4CA8-A987-9A0D0916C638}.Release|Any CPU.ActiveCfg = Release|Any CPU
		{1E87977D-EF04-4CA8-A987-9A0D0916C638}.Release|Any CPU.Build.0 = Release|Any CPU
		{EA4A35AD-60E0-4654-B39E-AAD86C06FC63}.Debug|Any CPU.ActiveCfg = Debug|Any CPU
		{EA4A35AD-60E0-4654-B39E-AAD86C06FC63}.Debug|Any CPU.Build.0 = Debug|Any CPU
		{EA4A35AD-60E0-4654-B39E-AAD86C06FC63}.Release|Any CPU.ActiveCfg = Release|Any CPU
		{EA4A35AD-60E0-4654-B39E-AAD86C06FC63}.Release|Any CPU.Build.0 = Release|Any CPU
		{AAE0D363-5712-42B7-B0E6-E3BECE7C7338}.Debug|Any CPU.ActiveCfg = Debug|Any CPU
		{AAE0D363-5712-42B7-B0E6-E3BECE7C7338}.Debug|Any CPU.Build.0 = Debug|Any CPU
		{AAE0D363-5712-42B7-B0E6-E3BECE7C7338}.Release|Any CPU.ActiveCfg = Release|Any CPU
		{AAE0D363-5712-42B7-B0E6-E3BECE7C7338}.Release|Any CPU.Build.0 = Release|Any CPU
	EndGlobalSection
	GlobalSection(SolutionProperties) = preSolution
		HideSolutionNode = FALSE
	EndGlobalSection
	GlobalSection(ExtensibilityGlobals) = postSolution
		SolutionGuid = {17F6835A-019D-416D-B546-3E0D99D14555}
	EndGlobalSection
EndGlobal
